
Microsoft Visual Studio Solution File, Format Version 12.00
# Visual Studio 2017
Project("{FAE04EC0-301F-11D3-BF4B-00C04F79EFBC}") = "PuzzleGame", "PuzzleGame.csproj", "{2D309A9D-85D8-C052-90EB-44DEB3B60D3B}"
EndProject
Global
	GlobalSection(SolutionConfigurationPlatforms) = preSolution
		Debug|Any CPU = Debug|Any CPU
		Release|Any CPU = Release|Any CPU
	EndGlobalSection
	GlobalSection(ProjectConfigurationPlatforms) = postSolution
		{2D309A9D-85D8-C052-90EB-44DEB3B60D3B}.Debug|Any CPU.ActiveCfg = Debug|Any CPU
		{2D309A9D-85D8-C052-90EB-44DEB3B60D3B}.Debug|Any CPU.Build.0 = Debug|Any CPU
		{2D309A9D-85D8-C052-90EB-44DEB3B60D3B}.Release|Any CPU.ActiveCfg = Release|Any CPU
		{2D309A9D-85D8-C052-90EB-44DEB3B60D3B}.Release|Any CPU.Build.0 = Release|Any CPU
	EndGlobalSection
	GlobalSection(SolutionProperties) = preSolution
		HideSolutionNode = FALSE
	EndGlobalSection
EndGlobal
